
Microsoft Visual Studio Solution File, Format Version 12.00
# Visual Studio 15
VisualStudioVersion = 15.0.27703.2042
MinimumVisualStudioVersion = 10.0.40219.1
Project("{FAE04EC0-301F-11D3-BF4B-00C04F79EFBC}") = "BitWallpaper", "BitWallpaper\BitWallpaper.csproj", "{67A8C6E6-C567-4E6E-B11A-6C18429648F7}"
EndProject
Global
	GlobalSection(SolutionConfigurationPlatforms) = preSolution
		Debug|Any CPU = Debug|Any CPU
		Release|Any CPU = Release|Any CPU
	EndGlobalSection
	GlobalSection(ProjectConfigurationPlatforms) = postSolution
		{67A8C6E6-C567-4E6E-B11A-6C18429648F7}.Debug|Any CPU.ActiveCfg = Debug|Any CPU
		{67A8C6E6-C567-4E6E-B11A-6C18429648F7}.Debug|Any CPU.Build.0 = Debug|Any CPU
		{67A8C6E6-C567-4E6E-B11A-6C18429648F7}.Release|Any CPU.ActiveCfg = Release|Any CPU
		{67A8C6E6-C567-4E6E-B11A-6C18429648F7}.Release|Any CPU.Build.0 = Release|Any CPU
	EndGlobalSection
	GlobalSection(SolutionProperties) = preSolution
		HideSolutionNode = FALSE
	EndGlobalSection
	GlobalSection(ExtensibilityGlobals) = postSolution
		SolutionGuid = {1EDAEE02-2C6A-4009-9CBF-5713C0BEF55B}
	EndGlobalSection
EndGlobal
